
Microsoft Visual Studio Solution File, Format Version 12.00
# Visual Studio 15
VisualStudioVersion = 15.0.28307.168
MinimumVisualStudioVersion = 10.0.40219.1
Project("{00D1A9C2-B5F0-4AF3-8072-F6C62B433612}") = "SadenaDBSQL", "SadenaDBSQL\SadenaDBSQL.sqlproj", "{F448CE2A-AF47-49D3-9C40-0CCE30B7F10E}"
EndProject
Global
	GlobalSection(SolutionConfigurationPlatforms) = preSolution
		Debug|Any CPU = Debug|Any CPU
		Release|Any CPU = Release|Any CPU
	EndGlobalSection
	GlobalSection(ProjectConfigurationPlatforms) = postSolution
		{F448CE2A-AF47-49D3-9C40-0CCE30B7F10E}.Debug|Any CPU.ActiveCfg = Debug|Any CPU
		{F448CE2A-AF47-49D3-9C40-0CCE30B7F10E}.Debug|Any CPU.Build.0 = Debug|Any CPU
		{F448CE2A-AF47-49D3-9C40-0CCE30B7F10E}.Debug|Any CPU.Deploy.0 = Debug|Any CPU
		{F448CE2A-AF47-49D3-9C40-0CCE30B7F10E}.Release|Any CPU.ActiveCfg = Release|Any CPU
		{F448CE2A-AF47-49D3-9C40-0CCE30B7F10E}.Release|Any CPU.Build.0 = Release|Any CPU
		{F448CE2A-AF47-49D3-9C40-0CCE30B7F10E}.Release|Any CPU.Deploy.0 = Release|Any CPU
	EndGlobalSection
	GlobalSection(SolutionProperties) = preSolution
		HideSolutionNode = FALSE
	EndGlobalSection
	GlobalSection(ExtensibilityGlobals) = postSolution
		SolutionGuid = {B3661AAA-C634-4A43-B7D3-833DEAB2DFEC}
	EndGlobalSection
EndGlobal
